
Microsoft Visual Studio Solution File, Format Version 12.00
# Visual Studio Version 17
VisualStudioVersion = 17.0.31912.275
MinimumVisualStudioVersion = 10.0.40219.1
Project("{9A19103F-16F7-4668-BE54-9A1E7A4F7556}") = "BulkyBook.Web", "BulkyBook.Web\BulkyBook.Web.csproj", "{5A3E7607-0CC3-4C4C-8FEA-DAA3212CDFEE}"
EndProject
Project("{FAE04EC0-301F-11D3-BF4B-00C04F79EFBC}") = "BulkyBook.DataAccess", "BulkyBook.DataAccess\BulkyBook.DataAccess.csproj", "{F3387922-C523-49F3-B004-17AB8666BF38}"
EndProject
Project("{FAE04EC0-301F-11D3-BF4B-00C04F79EFBC}") = "BulkyBook.Models", "BulkyBook.Models\BulkyBook.Models.csproj", "{32F22A90-2645-4D35-96D3-A2D7B1FD6144}"
EndProject
Project("{FAE04EC0-301F-11D3-BF4B-00C04F79EFBC}") = "BulkyBook.Utility", "BulkyBook.Utility\BulkyBook.Utility.csproj", "{6558FF40-F8E4-4E6D-978B-0070024E11FC}"
EndProject
Global
	GlobalSection(SolutionConfigurationPlatforms) = preSolution
		Debug|Any CPU = Debug|Any CPU
		Release|Any CPU = Release|Any CPU
	EndGlobalSection
	GlobalSection(ProjectConfigurationPlatforms) = postSolution
		{5A3E7607-0CC3-4C4C-8FEA-DAA3212CDFEE}.Debug|Any CPU.ActiveCfg = Debug|Any CPU
		{5A3E7607-0CC3-4C4C-8FEA-DAA3212CDFEE}.Debug|Any CPU.Build.0 = Debug|Any CPU
		{5A3E7607-0CC3-4C4C-8FEA-DAA3212CDFEE}.Release|Any CPU.ActiveCfg = Release|Any CPU
		{5A3E7607-0CC3-4C4C-8FEA-DAA3212CDFEE}.Release|Any CPU.Build.0 = Release|Any CPU
		{F3387922-C523-49F3-B004-17AB8666BF38}.Debug|Any CPU.ActiveCfg = Debug|Any CPU
		{F3387922-C523-49F3-B004-17AB8666BF38}.Debug|Any CPU.Build.0 = Debug|Any CPU
		{F3387922-C523-49F3-B004-17AB8666BF38}.Release|Any CPU.ActiveCfg = Release|Any CPU
		{F3387922-C523-49F3-B004-17AB8666BF38}.Release|Any CPU.Build.0 = Release|Any CPU
		{32F22A90-2645-4D35-96D3-A2D7B1FD6144}.Debug|Any CPU.ActiveCfg = Debug|Any CPU
		{32F22A90-2645-4D35-96D3-A2D7B1FD6144}.Debug|Any CPU.Build.0 = Debug|Any CPU
		{32F22A90-2645-4D35-96D3-A2D7B1FD6144}.Release|Any CPU.ActiveCfg = Release|Any CPU
		{32F22A90-2645-4D35-96D3-A2D7B1FD6144}.Release|Any CPU.Build.0 = Release|Any CPU
		{6558FF40-F8E4-4E6D-978B-0070024E11FC}.Debug|Any CPU.ActiveCfg = Debug|Any CPU
		{6558FF40-F8E4-4E6D-978B-0070024E11FC}.Debug|Any CPU.Build.0 = Debug|Any CPU
		{6558FF40-F8E4-4E6D-978B-0070024E11FC}.Release|Any CPU.ActiveCfg = Release|Any CPU
		{6558FF40-F8E4-4E6D-978B-0070024E11FC}.Release|Any CPU.Build.0 = Release|Any CPU
	EndGlobalSection
	GlobalSection(SolutionProperties) = preSolution
		HideSolutionNode = FALSE
	EndGlobalSection
	GlobalSection(ExtensibilityGlobals) = postSolution
		SolutionGuid = {7533F80C-98BD-4BB4-A832-6D7D6C80036B}
	EndGlobalSection
EndGlobal
